
Microsoft Visual Studio Solution File, Format Version 12.00
# Visual Studio Version 16
VisualStudioVersion = 25.0.1706.12
MinimumVisualStudioVersion = 10.0.40219.1
Project("{FAE04EC0-301F-11D3-BF4B-00C04F79EFBC}") = "synnex-web-app-1", "synnex-web-app-1\synnex-web-app-1.csproj", "{1FC54658-6C32-403B-9B07-1A26847C041B}"
EndProject
Global
	GlobalSection(SolutionConfigurationPlatforms) = preSolution
		Debug|Any CPU = Debug|Any CPU
		Release|Any CPU = Release|Any CPU
	EndGlobalSection
	GlobalSection(ProjectConfigurationPlatforms) = postSolution
		{1FC54658-6C32-403B-9B07-1A26847C041B}.Debug|Any CPU.ActiveCfg = Debug|Any CPU
		{1FC54658-6C32-403B-9B07-1A26847C041B}.Debug|Any CPU.Build.0 = Debug|Any CPU
		{1FC54658-6C32-403B-9B07-1A26847C041B}.Release|Any CPU.ActiveCfg = Release|Any CPU
		{1FC54658-6C32-403B-9B07-1A26847C041B}.Release|Any CPU.Build.0 = Release|Any CPU
	EndGlobalSection
	GlobalSection(SolutionProperties) = preSolution
		HideSolutionNode = FALSE
	EndGlobalSection
	GlobalSection(ExtensibilityGlobals) = postSolution
		SolutionGuid = {8E961824-DE2D-4888-8B84-6C194A373E94}
	EndGlobalSection
EndGlobal
